Microsoft Visual Studio Solution File, Format Version 12.00
# Visual Studio Version 16
VisualStudioVersion = 16.0.29509.3
MinimumVisualStudioVersion = 10.0.40219.1
Project("{9A19103F-16F7-4668-BE54-9A1E7A4F7556}") = "CourseApp", "CourseApp.csproj", "{4A5C9279-1D15-4110-A08C-E68D44C614F1}"
EndProject
Project("{9A19103F-16F7-4668-BE54-9A1E7A4F7556}") = "CourseApp.Tests", "..\CourseApp.Tests\CourseApp.Tests.csproj", "{DE0C32E6-89EA-42DB-AD08-96336B8AE9CD}"
EndProject
Project("{9A19103F-16F7-4668-BE54-9A1E7A4F7556}") = "RpgAutoBattler", "..\RPG_autoBattler\RpgAutoBattler.csproj", "{6BB10B10-698A-4923-80D1-95DECB663D79}"
EndProject
Global
	GlobalSection(SolutionConfigurationPlatforms) = preSolution
		Debug|Any CPU = Debug|Any CPU
		Release|Any CPU = Release|Any CPU
	EndGlobalSection
	GlobalSection(ProjectConfigurationPlatforms) = postSolution
		{4A5C9279-1D15-4110-A08C-E68D44C614F1}.Debug|Any CPU.ActiveCfg = Debug|Any CPU
		{4A5C9279-1D15-4110-A08C-E68D44C614F1}.Debug|Any CPU.Build.0 = Debug|Any CPU
		{4A5C9279-1D15-4110-A08C-E68D44C614F1}.Release|Any CPU.ActiveCfg = Release|Any CPU
		{4A5C9279-1D15-4110-A08C-E68D44C614F1}.Release|Any CPU.Build.0 = Release|Any CPU
		{DE0C32E6-89EA-42DB-AD08-96336B8AE9CD}.Debug|Any CPU.ActiveCfg = Debug|Any CPU
		{DE0C32E6-89EA-42DB-AD08-96336B8AE9CD}.Debug|Any CPU.Build.0 = Debug|Any CPU
		{DE0C32E6-89EA-42DB-AD08-96336B8AE9CD}.Release|Any CPU.ActiveCfg = Release|Any CPU
		{DE0C32E6-89EA-42DB-AD08-96336B8AE9CD}.Release|Any CPU.Build.0 = Release|Any CPU
		{6BB10B10-698A-4923-80D1-95DECB663D79}.Debug|Any CPU.ActiveCfg = Debug|Any CPU
		{6BB10B10-698A-4923-80D1-95DECB663D79}.Debug|Any CPU.Build.0 = Debug|Any CPU
		{6BB10B10-698A-4923-80D1-95DECB663D79}.Release|Any CPU.ActiveCfg = Release|Any CPU
		{6BB10B10-698A-4923-80D1-95DECB663D79}.Release|Any CPU.Build.0 = Release|Any CPU
	EndGlobalSection
	GlobalSection(SolutionProperties) = preSolution
		HideSolutionNode = FALSE
	EndGlobalSection
	GlobalSection(ExtensibilityGlobals) = postSolution
		SolutionGuid = {C42C803C-F8C3-4845-8922-4EF6B1A41EC2}
	EndGlobalSection
EndGlobal
